// !$*UTF8*$!
{
	archiveVersion = 1;
	classes = {
	};
	objectVersion = 46;
	objects = {

/* Begin PBXBuildFile section */
		F085F4B01D2DD93900CB3A76 /* AppDelegate.swift in Sources */ = {isa = PBXBuildFile; fileRef = F085F4AF1D2DD93900CB3A76 /* AppDelegate.swift */; };
		F085F4B21D2DD93900CB3A76 /* ViewController.swift in Sources */ = {isa = PBXBuildFile; fileRef = F085F4B11D2DD93900CB3A76 /* ViewController.swift */; };
		F085F4B51D2DD93900CB3A76 /* Main.storyboard in Resources */ = {isa = PBXBuildFile; fileRef = F085F4B31D2DD93900CB3A76 /* Main.storyboard */; };
		F085F4B71D2DD93900CB3A76 /* Assets.xcassets in Resources */ = {isa = PBXBuildFile; fileRef = F085F4B61D2DD93900CB3A76 /* Assets.xcassets */; };
		F085F4BA1D2DD93900CB3A76 /* LaunchScreen.storyboard in Resources */ = {isa = PBXBuildFile; fileRef = F085F4B81D2DD93900CB3A76 /* LaunchScreen.storyboard */; };
/* End PBXBuildFile section */

/* Begin PBXFileReference section */
		F085F4AC1D2DD93900CB3A76 /* tips.app */ = {isa = PBXFileReference; explicitFileType = wrapper.application; includeInIndex = 0; path = tips.app; sourceTree = BUILT_PRODUCTS_DIR; };
		F085F4AF1D2DD93900CB3A76 /* AppDelegate.swift */ = {isa = PBXFileReference; lastKnownFileType = sourcecode.swift; path = AppDelegate.swift; sourceTree = "<group>"; };
		F085F4B11D2DD93900CB3A76 /* ViewController.swift */ = {isa = PBXFileReference; lastKnownFileType = sourcecode.swift; path = ViewController.swift; sourceTree = "<group>"; };
		F085F4B41D2DD93900CB3A76 /* Base */ = {isa = PBXFileReference; lastKnownFileType = file.storyboard; name = Base; path = Base.lproj/Main.storyboard; sourceTree = "<group>"; };
		F085F4B61D2DD93900CB3A76 /* Assets.xcassets */ = {isa = PBXFileReference; lastKnownFileType = folder.assetcatalog; path = Assets.xcassets; sourceTree = "<group>"; };
		F085F4B91D2DD93900CB3A76 /* Base */ = {isa = PBXFileReference; lastKnownFileType = file.storyboard; name = Base; path = Base.lproj/LaunchScreen.storyboard; sourceTree = "<group>"; };
		F085F4BB1D2DD93900CB3A76 /* Info.plist */ = {isa = PBXFileReference; lastKnownFileType = text.plist.xml; path = Info.plist; sourceTree = "<group>"; };
/* End PBXFileReference section */

/* Begin PBXFrameworksBuildPhase section */
		F085F4A91D2DD93900CB3A76 /* Frameworks */ = {
			isa = PBXFrameworksBuildPhase;
			buildActionMask = 2147483647;
			files = (
			);
			runOnlyForDeploymentPostprocessing = 0;
		};
/* End PBXFrameworksBuildPhase section */

/* Begin PBXGroup section */
		F085F4A31D2DD93900CB3A76 = {
			isa = PBXGroup;
			children = (
				F085F4AE1D2DD93900CB3A76 /* tips */,
				F085F4AD1D2DD93900CB3A76 /* Products */,
			);
			sourceTree = "<group>";
		};
		F085F4AD1D2DD93900CB3A76 /* Products */ = {
			isa = PBXGroup;
			children = (
				F085F4AC1D2DD93900CB3A76 /* tips.app */,
			);
			name = Products;
			sourceTree = "<group>";
		};
		F085F4AE1D2DD93900CB3A76 /* tips */ = {
			isa = PBXGroup;
			children = (
				F085F4AF1D2DD93900CB3A76 /* AppDelegate.swift */,
				F085F4B11D2DD93900CB3A76 /* ViewController.swift */,
				F085F4B31D2DD93900CB3A76 /* Main.storyboard */,
				F085F4B61D2DD93900CB3A76 /* Assets.xcassets */,
				F085F4B81D2DD93900CB3A76 /* LaunchScreen.storyboard */,
				F085F4BB1D2DD93900CB3A76 /* Info.plist */,
			);
			path = tips;
			sourceTree = "<group>";
		};
/* End PBXGroup section */

/* Begin PBXNativeTarget section */
		F085F4AB1D2DD93900CB3A76 /* tips */ = {
			isa = PBXNativeTarget;
			buildConfigurationList = F085F4BE1D2DD93900CB3A76 /* Build configuration list for PBXNativeTarget "tips" */;
			buildPhases = (
				F085F4A81D2DD93900CB3A76 /* Sources */,
				F085F4A91D2DD93900CB3A76 /* Frameworks */,
				F085F4AA1D2DD93900CB3A76 /* Resources */,
			);
			buildRules = (
			);
			dependencies = (
			);
			name = tips;
			productName = tips;
			productReference = F085F4AC1D2DD93900CB3A76 /* tips.app */;
			productType = "com.apple.product-type.application";
		};
/* End PBXNativeTarget section */

/* Begin PBXProject section */
		F085F4A41D2DD93900CB3A76 /* Project object */ = {
			isa = PBXProject;
			attributes = {
				LastSwiftUpdateCheck = 0710;
				LastUpgradeCheck = 0710;
				ORGANIZATIONNAME = "Piyush Sharma";
				TargetAttributes = {
					F085F4AB1D2DD93900CB3A76 = {
						CreatedOnToolsVersion = 7.1.1;
					};
				};
			};
			buildConfigurationList = F085F4A71D2DD93900CB3A76 /* Build configuration list for PBXProject "tips" */;
			compatibilityVersion = "Xcode 3.2";
			developmentRegion = English;
			hasScannedForEncodings = 0;
			knownRegions = (
				en,
				Base,
			);
			mainGroup = F085F4A31D2DD93900CB3A76;
			productRefGroup = F085F4AD1D2DD93900CB3A76 /* Products */;
			projectDirPath = "";
			projectRoot = "";
			targets = (
				F085F4AB1D2DD93900CB3A76 /* tips */,
			);
		};
/* End PBXProject section */

/* Begin PBXResourcesBuildPhase section */
		F085F4AA1D2DD93900CB3A76 /* Resources */ = {
			isa = PBXResourcesBuildPhase;
			buildActionMask = 2147483647;
			files = (
				F085F4BA1D2DD93900CB3A76 /* LaunchScreen.storyboard in Resources */,
				F085F4B71D2DD93900CB3A76 /* Assets.xcassets in Resources */,
				F085F4B51D2DD93900CB3A76 /* Main.storyboard in Resources */,
			);
			runOnlyForDeploymentPostprocessing = 0;
		};
/* End PBXResourcesBuildPhase section */

/* Begin PBXSourcesBuildPhase section */
		F085F4A81D2DD93900CB3A76 /* Sources */ = {
			isa = PBXSourcesBuildPhase;
			buildActionMask = 2147483647;
			files = (
				F085F4B21D2DD93900CB3A76 /* ViewController.swift in Sources */,
				F085F4B01D2DD93900CB3A76 /* AppDelegate.swift in Sources */,
			);
			runOnlyForDeploymentPostprocessing = 0;
		};
/* End PBXSourcesBuildPhase section */

/* Begin PBXVariantGroup section */
		F085F4B31D2DD93900CB3A76 /* Main.storyboard */ = {
			isa = PBXVariantGroup;
			children = (
				F085F4B41D2DD93900CB3A76 /* Base */,
			);
			name = Main.storyboard;
			sourceTree = "<group>";
		};
		F085F4B81D2DD93900CB3A76 /* LaunchScreen.storyboard */ = {
			isa = PBXVariantGroup;
			children = (
				F085F4B91D2DD93900CB3A76 /* Base */,
			);
			name = LaunchScreen.storyboard;
			sourceTree = "<group>";
		};
/* End PBXVariantGroup section */

/* Begin XCBuildConfiguration section */
		F085F4BC1D2DD93900CB3A76 /* Debug */ = {
			isa = XCBuildConfiguration;
			buildSettings = {
				ALWAYS_SEARCH_USER_PATHS = NO;
				CLANG_CXX_LANGUAGE_STANDARD = "gnu++0x";
				CLANG_CXX_LIBRARY = "libc++";
				CLANG_ENABLE_MODULES = YES;
				CLANG_ENABLE_OBJC_ARC = YES;
				CLANG_WARN_BOOL_CONVERSION = YES;
				CLANG_WARN_CONSTANT_CONVERSION = YES;
				CLANG_WARN_DIRECT_OBJC_ISA_USAGE = YES_ERROR;
				CLANG_WARN_EMPTY_BODY = YES;
				CLANG_WARN_ENUM_CONVERSION = YES;
				CLANG_WARN_INT_CONVERSION = YES;
				CLANG_WARN_OBJC_ROOT_CLASS = YES_ERROR;
				CLANG_WARN_UNREACHABLE_CODE = YES;
				CLANG_WARN__DUPLICATE_METHOD_MATCH = YES;
				"CODE_SIGN_IDENTITY[sdk=iphoneos*]" = "iPhone Developer";
				COPY_PHASE_STRIP = NO;
				DEBUG_INFORMATION_FORMAT = dwarf;
				ENABLE_STRICT_OBJC_MSGSEND = YES;
				ENABLE_TESTABILITY = YES;
				GCC_C_LANGUAGE_STANDARD = gnu99;
				GCC_DYNAMIC_NO_PIC = NO;
				GCC_NO_COMMON_BLOCKS = YES;
				GCC_OPTIMIZATION_LEVEL = 0;
				GCC_PREPROCESSOR_DEFINITIONS = (
					"DEBUG=1",
					"$(inherited)",
				);
				GCC_WARN_64_TO_32_BIT_CONVERSION = YES;
				GCC_WARN_ABOUT_RETURN_TYPE = YES_ERROR;
				GCC_WARN_UNDECLARED_SELECTOR = YES;
				GCC_WARN_UNINITIALIZED_AUTOS = YES_AGGRESSIVE;
				GCC_WARN_UNUSED_FUNCTION = YES;
				GCC_WARN_UNUSED_VARIABLE = YES;
				IPHONEOS_DEPLOYMENT_TARGET = 9.1;
				MTL_ENABLE_DEBUG_INFO = YES;
				ONLY_ACTIVE_ARCH = YES;
				SDKROOT = iphoneos;
				SWIFT_OPTIMIZATION_LEVEL = "-Onone";
			};
			name = Debug;
		};
		F085F4BD1D2DD93900CB3A76 /* Release */ = {
			isa = XCBuildConfiguration;
			buildSettings = {
				ALWAYS_SEARCH_USER_PATHS = NO;
				CLANG_CXX_LANGUAGE_STANDARD = "gnu++0x";
				CLANG_CXX_LIBRARY = "libc++";
				CLANG_ENABLE_MODULES = YES;
				CLANG_ENABLE_OBJC_ARC = YES;
				CLANG_WARN_BOOL_CONVERSION = YES;
				CLANG_WARN_CONSTANT_CONVERSION = YES;
				CLANG_WARN_DIRECT_OBJC_ISA_USAGE = YES_ERROR;
				CLANG_WARN_EMPTY_BODY = YES;
				CLANG_WARN_ENUM_CONVERSION = YES;
				CLANG_WARN_INT_CONVERSION = YES;
				CLANG_WARN_OBJC_ROOT_CLASS = YES_ERROR;
				CLANG_WARN_UNREACHABLE_CODE = YES;
				CLANG_WARN__DUPLICATE_METHOD_MATCH = YES;
				"CODE_SIGN_IDENTITY[sdk=iphoneos*]" = "iPhone Developer";
				COPY_PHASE_STRIP = NO;
				DEBUG_INFORMATION_FORMAT = "dwarf-with-dsym";
				ENABLE_NS_ASSERTIONS = NO;
				ENABLE_STRICT_OBJC_MSGSEND = YES;
				GCC_C_LANGUAGE_STANDARD = gnu99;
				GCC_NO_COMMON_BLOCKS = YES;
				GCC_WARN_64_TO_32_BIT_CONVERSION = YES;
				GCC_WARN_ABOUT_RETURN_TYPE = YES_ERROR;
				GCC_WARN_UNDECLARED_SELECTOR = YES;
				GCC_WARN_UNINITIALIZED_AUTOS = YES_AGGRESSIVE;
				GCC_WARN_UNUSED_FUNCTION = YES;
				GCC_WARN_UNUSED_VARIABLE = YES;
				IPHONEOS_DEPLOYMENT_TARGET = 9.1;
				MTL_ENABLE_DEBUG_INFO = NO;
				SDKROOT = iphoneos;
				VALIDATE_PRODUCT = YES;
			};
			name = Release;
		};
		F085F4BF1D2DD93900CB3A76 /* Debug */ = {
			isa = XCBuildConfiguration;
			buildSettings = {
				ASSETCATALOG_COMPILER_APPICON_NAME = AppIcon;
				INFOPLIST_FILE = tips/Info.plist;
				LD_RUNPATH_SEARCH_PATHS = "$(inherited) @executable_path/Frameworks";
				PRODUCT_BUNDLE_IDENTIFIER = com.walmart.tips;
				PRODUCT_NAME = "$(TARGET_NAME)";
			};
			name = Debug;
		};
		F085F4C01D2DD93900CB3A76 /* Release */ = {
			isa = XCBuildConfiguration;
			buildSettings = {
				ASSETCATALOG_COMPILER_APPICON_NAME = AppIcon;
				INFOPLIST_FILE = tips/Info.plist;
				LD_RUNPATH_SEARCH_PATHS = "$(inherited) @executable_path/Frameworks";
				PRODUCT_BUNDLE_IDENTIFIER = com.walmart.tips;
				PRODUCT_NAME = "$(TARGET_NAME)";
			};
			name = Release;
		};
/* End XCBuildConfiguration section */

/* Begin XCConfigurationList section */
		F085F4A71D2DD93900CB3A76 /* Build configuration list for PBXProject "tips" */ = {
			isa = XCConfigurationList;
			buildConfigurations = (
				F085F4BC1D2DD93900CB3A76 /* Debug */,
				F085F4BD1D2DD93900CB3A76 /* Release */,
			);
			defaultConfigurationIsVisible = 0;
			defaultConfigurationName = Release;
		};
		F085F4BE1D2DD93900CB3A76 /* Build configuration list for PBXNativeTarget "tips" */ = {
			isa = XCConfigurationList;
			buildConfigurations = (
				F085F4BF1D2DD93900CB3A76 /* Debug */,
				F085F4C01D2DD93900CB3A76 /* Release */,
			);
			defaultConfigurationIsVisible = 0;
		};
/* End XCConfigurationList section */
	};
	rootObject = F085F4A41D2DD93900CB3A76 /* Project object */;
}
